
Microsoft Visual Studio Solution File, Format Version 12.00
# Visual Studio Version 17
VisualStudioVersion = 17.14.36915.13 d17.14
MinimumVisualStudioVersion = 10.0.40219.1
Project("{FAE04EC0-301F-11D3-BF4B-00C04F79EFBC}") = "Ejercicio1_Fibonnaci", "Ejercicio1_Fibonnaci\Ejercicio1_Fibonnaci.csproj", "{332933CD-6B7D-4BA8-A2A7-AAB3B157DD73}"
EndProject
Global
	GlobalSection(SolutionConfigurationPlatforms) = preSolution
		Debug|Any CPU = Debug|Any CPU
		Release|Any CPU = Release|Any CPU
	EndGlobalSection
	GlobalSection(ProjectConfigurationPlatforms) = postSolution
		{332933CD-6B7D-4BA8-A2A7-AAB3B157DD73}.Debug|Any CPU.ActiveCfg = Debug|Any CPU
		{332933CD-6B7D-4BA8-A2A7-AAB3B157DD73}.Debug|Any CPU.Build.0 = Debug|Any CPU
		{332933CD-6B7D-4BA8-A2A7-AAB3B157DD73}.Release|Any CPU.ActiveCfg = Release|Any CPU
		{332933CD-6B7D-4BA8-A2A7-AAB3B157DD73}.Release|Any CPU.Build.0 = Release|Any CPU
	EndGlobalSection
	GlobalSection(SolutionProperties) = preSolution
		HideSolutionNode = FALSE
	EndGlobalSection
	GlobalSection(ExtensibilityGlobals) = postSolution
		SolutionGuid = {290CD529-8369-4F5B-92FE-8D80B4F147D3}
	EndGlobalSection
EndGlobal
